// !$*UTF8*$!
{
	archiveVersion = 1;
	classes = {
	};
	objectVersion = 52;
	objects = {

/* Begin PBXBuildFile section */
		37A05E5D263EB39F005A2580 /* API+v2.swift in Sources */ = {isa = PBXBuildFile; fileRef = 37A05E5C263EB39F005A2580 /* API+v2.swift */; };
		37A05E63263EB7AB005A2580 /* MainPage.swift in Sources */ = {isa = PBXBuildFile; fileRef = 37A05E62263EB7AB005A2580 /* MainPage.swift */; };
		663B305125212C9300D405AF /* AppDelegate.swift in Sources */ = {isa = PBXBuildFile; fileRef = 663B305025212C9300D405AF /* AppDelegate.swift */; };
		663B305825212C9500D405AF /* Assets.xcassets in Resources */ = {isa = PBXBuildFile; fileRef = 663B305725212C9500D405AF /* Assets.xcassets */; };
		663B305B25212C9500D405AF /* LaunchScreen.storyboard in Resources */ = {isa = PBXBuildFile; fileRef = 663B305925212C9500D405AF /* LaunchScreen.storyboard */; };
		663B306625212CE100D405AF /* API.swift in Sources */ = {isa = PBXBuildFile; fileRef = 663B306525212CE100D405AF /* API.swift */; };
		667CDA5B25212DDD000F5D4C /* Alamofire in Frameworks */ = {isa = PBXBuildFile; productRef = 667CDA5A25212DDD000F5D4C /* Alamofire */; };
		669E894725259B3300C1C7A9 /* EventViewController.swift in Sources */ = {isa = PBXBuildFile; fileRef = 669E894625259B3300C1C7A9 /* EventViewController.swift */; };
		669E894A2525B1D600C1C7A9 /* SessionViewController.swift in Sources */ = {isa = PBXBuildFile; fileRef = 669E89492525B1D600C1C7A9 /* SessionViewController.swift */; };
		66BC9BDA2532C4120054269C /* PlaceholderImage.swift in Sources */ = {isa = PBXBuildFile; fileRef = 66BC9BD92532C4120054269C /* PlaceholderImage.swift */; };
		66BC9BDE2532C8F40054269C /* KeychainAccess in Frameworks */ = {isa = PBXBuildFile; productRef = 66BC9BDD2532C8F40054269C /* KeychainAccess */; };
		66BC9BE52532C9B20054269C /* LoginManager.swift in Sources */ = {isa = PBXBuildFile; fileRef = 66BC9BE42532C9B20054269C /* LoginManager.swift */; };
		66BC9BE82532D05D0054269C /* RootViewController.swift in Sources */ = {isa = PBXBuildFile; fileRef = 66BC9BE72532D05D0054269C /* RootViewController.swift */; };
		66D39F482524426100B1E688 /* converted.usdz in Resources */ = {isa = PBXBuildFile; fileRef = 66D39F472524426100B1E688 /* converted.usdz */; };
		66D7BF7425230AF100DB4AB2 /* SeasonViewController.swift in Sources */ = {isa = PBXBuildFile; fileRef = 66D7BF7325230AF100DB4AB2 /* SeasonViewController.swift */; };
		66D7BF7725230C6800DB4AB2 /* CircuitView.swift in Sources */ = {isa = PBXBuildFile; fileRef = 66D7BF7625230C6800DB4AB2 /* CircuitView.swift */; };
		66D7BF8125230F3600DB4AB2 /* italygrandprix.jpg in Resources */ = {isa = PBXBuildFile; fileRef = 66D7BF8025230F3600DB4AB2 /* italygrandprix.jpg */; };
		66E49B4225243A2700A74AD2 /* SDWebImageSwiftUI in Frameworks */ = {isa = PBXBuildFile; productRef = 66E49B4125243A2700A74AD2 /* SDWebImageSwiftUI */; };
/* End PBXBuildFile section */

/* Begin PBXFileReference section */
		37A05E5C263EB39F005A2580 /* API+v2.swift */ = {isa = PBXFileReference; lastKnownFileType = sourcecode.swift; path = "API+v2.swift"; sourceTree = "<group>"; };
		37A05E62263EB7AB005A2580 /* MainPage.swift */ = {isa = PBXFileReference; lastKnownFileType = sourcecode.swift; path = MainPage.swift; sourceTree = "<group>"; };
		663B304D25212C9300D405AF /* F1TV.app */ = {isa = PBXFileReference; explicitFileType = wrapper.application; includeInIndex = 0; path = F1TV.app; sourceTree = BUILT_PRODUCTS_DIR; };
		663B305025212C9300D405AF /* AppDelegate.swift */ = {isa = PBXFileReference; lastKnownFileType = sourcecode.swift; path = AppDelegate.swift; sourceTree = "<group>"; };
		663B305725212C9500D405AF /* Assets.xcassets */ = {isa = PBXFileReference; lastKnownFileType = folder.assetcatalog; path = Assets.xcassets; sourceTree = "<group>"; };
		663B305A25212C9500D405AF /* Base */ = {isa = PBXFileReference; lastKnownFileType = file.storyboard; name = Base; path = Base.lproj/LaunchScreen.storyboard; sourceTree = "<group>"; };
		663B305C25212C9500D405AF /* Info.plist */ = {isa = PBXFileReference; lastKnownFileType = text.plist.xml; path = Info.plist; sourceTree = "<group>"; };
		663B306525212CE100D405AF /* API.swift */ = {isa = PBXFileReference; lastKnownFileType = sourcecode.swift; path = API.swift; sourceTree = "<group>"; };
		669E894625259B3300C1C7A9 /* EventViewController.swift */ = {isa = PBXFileReference; fileEncoding = 4; lastKnownFileType = sourcecode.swift; path = EventViewController.swift; sourceTree = "<group>"; };
		669E89492525B1D600C1C7A9 /* SessionViewController.swift */ = {isa = PBXFileReference; fileEncoding = 4; lastKnownFileType = sourcecode.swift; path = SessionViewController.swift; sourceTree = "<group>"; };
		66BC9BD92532C4120054269C /* PlaceholderImage.swift */ = {isa = PBXFileReference; lastKnownFileType = sourcecode.swift; path = PlaceholderImage.swift; sourceTree = "<group>"; };
		66BC9BE42532C9B20054269C /* LoginManager.swift */ = {isa = PBXFileReference; lastKnownFileType = sourcecode.swift; path = LoginManager.swift; sourceTree = "<group>"; };
		66BC9BE72532D05D0054269C /* RootViewController.swift */ = {isa = PBXFileReference; lastKnownFileType = sourcecode.swift; path = RootViewController.swift; sourceTree = "<group>"; };
		66D39F472524426100B1E688 /* converted.usdz */ = {isa = PBXFileReference; lastKnownFileType = file.usdz; path = converted.usdz; sourceTree = "<group>"; };
		66D7BF7325230AF100DB4AB2 /* SeasonViewController.swift */ = {isa = PBXFileReference; lastKnownFileType = sourcecode.swift; path = SeasonViewController.swift; sourceTree = "<group>"; };
		66D7BF7625230C6800DB4AB2 /* CircuitView.swift */ = {isa = PBXFileReference; lastKnownFileType = sourcecode.swift; path = CircuitView.swift; sourceTree = "<group>"; };
		66D7BF8025230F3600DB4AB2 /* italygrandprix.jpg */ = {isa = PBXFileReference; lastKnownFileType = image.jpeg; path = italygrandprix.jpg; sourceTree = "<group>"; };
/* End PBXFileReference section */

/* Begin PBXFrameworksBuildPhase section */
		663B304A25212C9300D405AF /* Frameworks */ = {
			isa = PBXFrameworksBuildPhase;
			buildActionMask = 2147483647;
			files = (
				66E49B4225243A2700A74AD2 /* SDWebImageSwiftUI in Frameworks */,
				667CDA5B25212DDD000F5D4C /* Alamofire in Frameworks */,
				66BC9BDE2532C8F40054269C /* KeychainAccess in Frameworks */,
			);
			runOnlyForDeploymentPostprocessing = 0;
		};
/* End PBXFrameworksBuildPhase section */

/* Begin PBXGroup section */
		37A05E5B263EB38D005A2580 /* API */ = {
			isa = PBXGroup;
			children = (
				37A05E60263EB799005A2580 /* v2 */,
			);
			path = API;
			sourceTree = "<group>";
		};
		37A05E60263EB799005A2580 /* v2 */ = {
			isa = PBXGroup;
			children = (
				37A05E61263EB7A0005A2580 /* DAOs */,
				37A05E5C263EB39F005A2580 /* API+v2.swift */,
			);
			path = v2;
			sourceTree = "<group>";
		};
		37A05E61263EB7A0005A2580 /* DAOs */ = {
			isa = PBXGroup;
			children = (
				37A05E62263EB7AB005A2580 /* MainPage.swift */,
			);
			path = DAOs;
			sourceTree = "<group>";
		};
		6609DBE7252AE6E800E58D2C /* Libraries */ = {
			isa = PBXGroup;
			children = (
			);
			name = Libraries;
			sourceTree = "<group>";
		};
		6609DBEA252AE6F900E58D2C /* Frameworks */ = {
			isa = PBXGroup;
			children = (
			);
			name = Frameworks;
			sourceTree = "<group>";
		};
		663B304425212C9300D405AF = {
			isa = PBXGroup;
			children = (
				663B304F25212C9300D405AF /* F1TV */,
				6609DBE7252AE6E800E58D2C /* Libraries */,
				663B304E25212C9300D405AF /* Products */,
				6609DBEA252AE6F900E58D2C /* Frameworks */,
			);
			sourceTree = "<group>";
		};
		663B304E25212C9300D405AF /* Products */ = {
			isa = PBXGroup;
			children = (
				663B304D25212C9300D405AF /* F1TV.app */,
			);
			name = Products;
			sourceTree = "<group>";
		};
		663B304F25212C9300D405AF /* F1TV */ = {
			isa = PBXGroup;
			children = (
				37A05E5B263EB38D005A2580 /* API */,
				66D7BF8025230F3600DB4AB2 /* italygrandprix.jpg */,
				663B305025212C9300D405AF /* AppDelegate.swift */,
				66BC9BE42532C9B20054269C /* LoginManager.swift */,
				66D7BF7325230AF100DB4AB2 /* SeasonViewController.swift */,
				669E894625259B3300C1C7A9 /* EventViewController.swift */,
				669E89492525B1D600C1C7A9 /* SessionViewController.swift */,
				66BC9BE72532D05D0054269C /* RootViewController.swift */,
				66D7BF7625230C6800DB4AB2 /* CircuitView.swift */,
				663B306525212CE100D405AF /* API.swift */,
				66BC9BD92532C4120054269C /* PlaceholderImage.swift */,
				663B305725212C9500D405AF /* Assets.xcassets */,
				663B305925212C9500D405AF /* LaunchScreen.storyboard */,
				663B305C25212C9500D405AF /* Info.plist */,
				66D39F472524426100B1E688 /* converted.usdz */,
			);
			path = F1TV;
			sourceTree = "<group>";
		};
/* End PBXGroup section */

/* Begin PBXNativeTarget section */
		663B304C25212C9300D405AF /* F1TV */ = {
			isa = PBXNativeTarget;
			buildConfigurationList = 663B305F25212C9500D405AF /* Build configuration list for PBXNativeTarget "F1TV" */;
			buildPhases = (
				663B304925212C9300D405AF /* Sources */,
				663B304A25212C9300D405AF /* Frameworks */,
				663B304B25212C9300D405AF /* Resources */,
			);
			buildRules = (
			);
			dependencies = (
			);
			name = F1TV;
			packageProductDependencies = (
				667CDA5A25212DDD000F5D4C /* Alamofire */,
				66E49B4125243A2700A74AD2 /* SDWebImageSwiftUI */,
				66BC9BDD2532C8F40054269C /* KeychainAccess */,
			);
			productName = F1TV;
			productReference = 663B304D25212C9300D405AF /* F1TV.app */;
			productType = "com.apple.product-type.application";
		};
/* End PBXNativeTarget section */

/* Begin PBXProject section */
		663B304525212C9300D405AF /* Project object */ = {
			isa = PBXProject;
			attributes = {
				LastSwiftUpdateCheck = 1220;
				LastUpgradeCheck = 1220;
				TargetAttributes = {
					663B304C25212C9300D405AF = {
						CreatedOnToolsVersion = 12.2;
					};
				};
			};
			buildConfigurationList = 663B304825212C9300D405AF /* Build configuration list for PBXProject "F1TV" */;
			compatibilityVersion = "Xcode 9.3";
			developmentRegion = en;
			hasScannedForEncodings = 0;
			knownRegions = (
				en,
				Base,
			);
			mainGroup = 663B304425212C9300D405AF;
			packageReferences = (
				667CDA5925212DDD000F5D4C /* XCRemoteSwiftPackageReference "Alamofire" */,
				66E49B4025243A2700A74AD2 /* XCRemoteSwiftPackageReference "SDWebImageSwiftUI" */,
				66BC9BDC2532C8F40054269C /* XCRemoteSwiftPackageReference "KeychainAccess" */,
			);
			productRefGroup = 663B304E25212C9300D405AF /* Products */;
			projectDirPath = "";
			projectRoot = "";
			targets = (
				663B304C25212C9300D405AF /* F1TV */,
			);
		};
/* End PBXProject section */

/* Begin PBXResourcesBuildPhase section */
		663B304B25212C9300D405AF /* Resources */ = {
			isa = PBXResourcesBuildPhase;
			buildActionMask = 2147483647;
			files = (
				66D39F482524426100B1E688 /* converted.usdz in Resources */,
				66D7BF8125230F3600DB4AB2 /* italygrandprix.jpg in Resources */,
				663B305B25212C9500D405AF /* LaunchScreen.storyboard in Resources */,
				663B305825212C9500D405AF /* Assets.xcassets in Resources */,
			);
			runOnlyForDeploymentPostprocessing = 0;
		};
/* End PBXResourcesBuildPhase section */

/* Begin PBXSourcesBuildPhase section */
		663B304925212C9300D405AF /* Sources */ = {
			isa = PBXSourcesBuildPhase;
			buildActionMask = 2147483647;
			files = (
				66D7BF7425230AF100DB4AB2 /* SeasonViewController.swift in Sources */,
				66BC9BE52532C9B20054269C /* LoginManager.swift in Sources */,
				37A05E5D263EB39F005A2580 /* API+v2.swift in Sources */,
				37A05E63263EB7AB005A2580 /* MainPage.swift in Sources */,
				66BC9BE82532D05D0054269C /* RootViewController.swift in Sources */,
				66D7BF7725230C6800DB4AB2 /* CircuitView.swift in Sources */,
				663B306625212CE100D405AF /* API.swift in Sources */,
				66BC9BDA2532C4120054269C /* PlaceholderImage.swift in Sources */,
				663B305125212C9300D405AF /* AppDelegate.swift in Sources */,
				669E894A2525B1D600C1C7A9 /* SessionViewController.swift in Sources */,
				669E894725259B3300C1C7A9 /* EventViewController.swift in Sources */,
			);
			runOnlyForDeploymentPostprocessing = 0;
		};
/* End PBXSourcesBuildPhase section */

/* Begin PBXVariantGroup section */
		663B305925212C9500D405AF /* LaunchScreen.storyboard */ = {
			isa = PBXVariantGroup;
			children = (
				663B305A25212C9500D405AF /* Base */,
			);
			name = LaunchScreen.storyboard;
			sourceTree = "<group>";
		};
/* End PBXVariantGroup section */

/* Begin XCBuildConfiguration section */
		663B305D25212C9500D405AF /* Debug */ = {
			isa = XCBuildConfiguration;
			buildSettings = {
				ALWAYS_SEARCH_USER_PATHS = NO;
				CLANG_ANALYZER_NONNULL = YES;
				CLANG_ANALYZER_NUMBER_OBJECT_CONVERSION = YES_AGGRESSIVE;
				CLANG_CXX_LANGUAGE_STANDARD = "gnu++14";
				CLANG_CXX_LIBRARY = "libc++";
				CLANG_ENABLE_MODULES = YES;
				CLANG_ENABLE_OBJC_ARC = YES;
				CLANG_ENABLE_OBJC_WEAK = YES;
				CLANG_WARN_BLOCK_CAPTURE_AUTORELEASING = YES;
				CLANG_WARN_BOOL_CONVERSION = YES;
				CLANG_WARN_COMMA = YES;
				CLANG_WARN_CONSTANT_CONVERSION = YES;
				CLANG_WARN_DEPRECATED_OBJC_IMPLEMENTATIONS = YES;
				CLANG_WARN_DIRECT_OBJC_ISA_USAGE = YES_ERROR;
				CLANG_WARN_DOCUMENTATION_COMMENTS = YES;
				CLANG_WARN_EMPTY_BODY = YES;
				CLANG_WARN_ENUM_CONVERSION = YES;
				CLANG_WARN_INFINITE_RECURSION = YES;
				CLANG_WARN_INT_CONVERSION = YES;
				CLANG_WARN_NON_LITERAL_NULL_CONVERSION = YES;
				CLANG_WARN_OBJC_IMPLICIT_RETAIN_SELF = YES;
				CLANG_WARN_OBJC_LITERAL_CONVERSION = YES;
				CLANG_WARN_OBJC_ROOT_CLASS = YES_ERROR;
				CLANG_WARN_QUOTED_INCLUDE_IN_FRAMEWORK_HEADER = YES;
				CLANG_WARN_RANGE_LOOP_ANALYSIS = YES;
				CLANG_WARN_STRICT_PROTOTYPES = YES;
				CLANG_WARN_SUSPICIOUS_MOVE = YES;
				CLANG_WARN_UNGUARDED_AVAILABILITY = YES_AGGRESSIVE;
				CLANG_WARN_UNREACHABLE_CODE = YES;
				CLANG_WARN__DUPLICATE_METHOD_MATCH = YES;
				COPY_PHASE_STRIP = NO;
				DEBUG_INFORMATION_FORMAT = dwarf;
				ENABLE_STRICT_OBJC_MSGSEND = YES;
				ENABLE_TESTABILITY = YES;
				GCC_C_LANGUAGE_STANDARD = gnu11;
				GCC_DYNAMIC_NO_PIC = NO;
				GCC_NO_COMMON_BLOCKS = YES;
				GCC_OPTIMIZATION_LEVEL = 0;
				GCC_PREPROCESSOR_DEFINITIONS = (
					"DEBUG=1",
					"$(inherited)",
				);
				GCC_WARN_64_TO_32_BIT_CONVERSION = YES;
				GCC_WARN_ABOUT_RETURN_TYPE = YES_ERROR;
				GCC_WARN_UNDECLARED_SELECTOR = YES;
				GCC_WARN_UNINITIALIZED_AUTOS = YES_AGGRESSIVE;
				GCC_WARN_UNUSED_FUNCTION = YES;
				GCC_WARN_UNUSED_VARIABLE = YES;
				MTL_ENABLE_DEBUG_INFO = INCLUDE_SOURCE;
				MTL_FAST_MATH = YES;
				ONLY_ACTIVE_ARCH = YES;
				SDKROOT = appletvos;
				SWIFT_ACTIVE_COMPILATION_CONDITIONS = DEBUG;
				SWIFT_OPTIMIZATION_LEVEL = "-Onone";
				TVOS_DEPLOYMENT_TARGET = 14.2;
			};
			name = Debug;
		};
		663B305E25212C9500D405AF /* Release */ = {
			isa = XCBuildConfiguration;
			buildSettings = {
				ALWAYS_SEARCH_USER_PATHS = NO;
				CLANG_ANALYZER_NONNULL = YES;
				CLANG_ANALYZER_NUMBER_OBJECT_CONVERSION = YES_AGGRESSIVE;
				CLANG_CXX_LANGUAGE_STANDARD = "gnu++14";
				CLANG_CXX_LIBRARY = "libc++";
				CLANG_ENABLE_MODULES = YES;
				CLANG_ENABLE_OBJC_ARC = YES;
				CLANG_ENABLE_OBJC_WEAK = YES;
				CLANG_WARN_BLOCK_CAPTURE_AUTORELEASING = YES;
				CLANG_WARN_BOOL_CONVERSION = YES;
				CLANG_WARN_COMMA = YES;
				CLANG_WARN_CONSTANT_CONVERSION = YES;
				CLANG_WARN_DEPRECATED_OBJC_IMPLEMENTATIONS = YES;
				CLANG_WARN_DIRECT_OBJC_ISA_USAGE = YES_ERROR;
				CLANG_WARN_DOCUMENTATION_COMMENTS = YES;
				CLANG_WARN_EMPTY_BODY = YES;
				CLANG_WARN_ENUM_CONVERSION = YES;
				CLANG_WARN_INFINITE_RECURSION = YES;
				CLANG_WARN_INT_CONVERSION = YES;
				CLANG_WARN_NON_LITERAL_NULL_CONVERSION = YES;
				CLANG_WARN_OBJC_IMPLICIT_RETAIN_SELF = YES;
				CLANG_WARN_OBJC_LITERAL_CONVERSION = YES;
				CLANG_WARN_OBJC_ROOT_CLASS = YES_ERROR;
				CLANG_WARN_QUOTED_INCLUDE_IN_FRAMEWORK_HEADER = YES;
				CLANG_WARN_RANGE_LOOP_ANALYSIS = YES;
				CLANG_WARN_STRICT_PROTOTYPES = YES;
				CLANG_WARN_SUSPICIOUS_MOVE = YES;
				CLANG_WARN_UNGUARDED_AVAILABILITY = YES_AGGRESSIVE;
				CLANG_WARN_UNREACHABLE_CODE = YES;
				CLANG_WARN__DUPLICATE_METHOD_MATCH = YES;
				COPY_PHASE_STRIP = NO;
				DEBUG_INFORMATION_FORMAT = "dwarf-with-dsym";
				ENABLE_NS_ASSERTIONS = NO;
				ENABLE_STRICT_OBJC_MSGSEND = YES;
				GCC_C_LANGUAGE_STANDARD = gnu11;
				GCC_NO_COMMON_BLOCKS = YES;
				GCC_WARN_64_TO_32_BIT_CONVERSION = YES;
				GCC_WARN_ABOUT_RETURN_TYPE = YES_ERROR;
				GCC_WARN_UNDECLARED_SELECTOR = YES;
				GCC_WARN_UNINITIALIZED_AUTOS = YES_AGGRESSIVE;
				GCC_WARN_UNUSED_FUNCTION = YES;
				GCC_WARN_UNUSED_VARIABLE = YES;
				MTL_ENABLE_DEBUG_INFO = NO;
				MTL_FAST_MATH = YES;
				SDKROOT = appletvos;
				SWIFT_COMPILATION_MODE = wholemodule;
				SWIFT_OPTIMIZATION_LEVEL = "-O";
				TVOS_DEPLOYMENT_TARGET = 14.2;
				VALIDATE_PRODUCT = YES;
			};
			name = Release;
		};
		663B306025212C9500D405AF /* Debug */ = {
			isa = XCBuildConfiguration;
			buildSettings = {
				ASSETCATALOG_COMPILER_APPICON_NAME = "App Icon & Top Shelf Image";
				ASSETCATALOG_COMPILER_GLOBAL_ACCENT_COLOR_NAME = AccentColor;
				CODE_SIGN_STYLE = Automatic;
				DEVELOPMENT_ASSET_PATHS = F1TV/italygrandprix.jpg;
				DEVELOPMENT_TEAM = 6TK23TLYP7;
				INFOPLIST_FILE = F1TV/Info.plist;
				LD_RUNPATH_SEARCH_PATHS = (
					"$(inherited)",
					"@executable_path/Frameworks",
				);
				PRODUCT_BUNDLE_IDENTIFIER = ca.adambell.F1TV;
				PRODUCT_NAME = "$(TARGET_NAME)";
				SWIFT_VERSION = 5.0;
				TARGETED_DEVICE_FAMILY = 3;
				TVOS_DEPLOYMENT_TARGET = 14.0;
			};
			name = Debug;
		};
		663B306125212C9500D405AF /* Release */ = {
			isa = XCBuildConfiguration;
			buildSettings = {
				ASSETCATALOG_COMPILER_APPICON_NAME = "App Icon & Top Shelf Image";
				ASSETCATALOG_COMPILER_GLOBAL_ACCENT_COLOR_NAME = AccentColor;
				CODE_SIGN_STYLE = Automatic;
				DEVELOPMENT_ASSET_PATHS = F1TV/italygrandprix.jpg;
				DEVELOPMENT_TEAM = 6TK23TLYP7;
				INFOPLIST_FILE = F1TV/Info.plist;
				LD_RUNPATH_SEARCH_PATHS = (
					"$(inherited)",
					"@executable_path/Frameworks",
				);
				PRODUCT_BUNDLE_IDENTIFIER = ca.adambell.F1TV;
				PRODUCT_NAME = "$(TARGET_NAME)";
				SWIFT_VERSION = 5.0;
				TARGETED_DEVICE_FAMILY = 3;
				TVOS_DEPLOYMENT_TARGET = 14.0;
			};
			name = Release;
		};
/* End XCBuildConfiguration section */

/* Begin XCConfigurationList section */
		663B304825212C9300D405AF /* Build configuration list for PBXProject "F1TV" */ = {
			isa = XCConfigurationList;
			buildConfigurations = (
				663B305D25212C9500D405AF /* Debug */,
				663B305E25212C9500D405AF /* Release */,
			);
			defaultConfigurationIsVisible = 0;
			defaultConfigurationName = Release;
		};
		663B305F25212C9500D405AF /* Build configuration list for PBXNativeTarget "F1TV" */ = {
			isa = XCConfigurationList;
			buildConfigurations = (
				663B306025212C9500D405AF /* Debug */,
				663B306125212C9500D405AF /* Release */,
			);
			defaultConfigurationIsVisible = 0;
			defaultConfigurationName = Release;
		};
/* End XCConfigurationList section */

/* Begin XCRemoteSwiftPackageReference section */
		667CDA5925212DDD000F5D4C /* XCRemoteSwiftPackageReference "Alamofire" */ = {
			isa = XCRemoteSwiftPackageReference;
			repositoryURL = "https://github.com/Alamofire/Alamofire.git";
			requirement = {
				kind = upToNextMajorVersion;
				minimumVersion = 5.2.2;
			};
		};
		66BC9BDC2532C8F40054269C /* XCRemoteSwiftPackageReference "KeychainAccess" */ = {
			isa = XCRemoteSwiftPackageReference;
			repositoryURL = "https://github.com/kishikawakatsumi/KeychainAccess";
			requirement = {
				kind = upToNextMajorVersion;
				minimumVersion = 4.2.1;
			};
		};
		66E49B4025243A2700A74AD2 /* XCRemoteSwiftPackageReference "SDWebImageSwiftUI" */ = {
			isa = XCRemoteSwiftPackageReference;
			repositoryURL = "https://github.com/SDWebImage/SDWebImageSwiftUI.git";
			requirement = {
				kind = upToNextMajorVersion;
				minimumVersion = 1.5.0;
			};
		};
/* End XCRemoteSwiftPackageReference section */

/* Begin XCSwiftPackageProductDependency section */
		667CDA5A25212DDD000F5D4C /* Alamofire */ = {
			isa = XCSwiftPackageProductDependency;
			package = 667CDA5925212DDD000F5D4C /* XCRemoteSwiftPackageReference "Alamofire" */;
			productName = Alamofire;
		};
		66BC9BDD2532C8F40054269C /* KeychainAccess */ = {
			isa = XCSwiftPackageProductDependency;
			package = 66BC9BDC2532C8F40054269C /* XCRemoteSwiftPackageReference "KeychainAccess" */;
			productName = KeychainAccess;
		};
		66E49B4125243A2700A74AD2 /* SDWebImageSwiftUI */ = {
			isa = XCSwiftPackageProductDependency;
			package = 66E49B4025243A2700A74AD2 /* XCRemoteSwiftPackageReference "SDWebImageSwiftUI" */;
			productName = SDWebImageSwiftUI;
		};
/* End XCSwiftPackageProductDependency section */
	};
	rootObject = 663B304525212C9300D405AF /* Project object */;
}
